
Microsoft Visual Studio Solution File, Format Version 12.00
# Visual Studio Version 16
VisualStudioVersion = 16.0.30621.155
MinimumVisualStudioVersion = 10.0.40219.1
Project("{FAE04EC0-301F-11D3-BF4B-00C04F79EFBC}") = "EjemploPatronEstrategia", "EjemploPatronEstrategia.csproj", "{CD034A07-687B-4D97-8BB6-9E582F490CD7}"
EndProject
Global
	GlobalSection(SolutionConfigurationPlatforms) = preSolution
		Debug|Any CPU = Debug|Any CPU
		Release|Any CPU = Release|Any CPU
	EndGlobalSection
	GlobalSection(ProjectConfigurationPlatforms) = postSolution
		{CD034A07-687B-4D97-8BB6-9E582F490CD7}.Debug|Any CPU.ActiveCfg = Debug|Any CPU
		{CD034A07-687B-4D97-8BB6-9E582F490CD7}.Debug|Any CPU.Build.0 = Debug|Any CPU
		{CD034A07-687B-4D97-8BB6-9E582F490CD7}.Release|Any CPU.ActiveCfg = Release|Any CPU
		{CD034A07-687B-4D97-8BB6-9E582F490CD7}.Release|Any CPU.Build.0 = Release|Any CPU
	EndGlobalSection
	GlobalSection(SolutionProperties) = preSolution
		HideSolutionNode = FALSE
	EndGlobalSection
	GlobalSection(ExtensibilityGlobals) = postSolution
		SolutionGuid = {FF8C7760-CB06-4F57-B336-2915DDAC2F1B}
	EndGlobalSection
EndGlobal
